
Microsoft Visual Studio Solution File, Format Version 12.00
# Visual Studio Version 16
VisualStudioVersion = 16.0.32901.82
MinimumVisualStudioVersion = 10.0.40219.1
Project("{FAE04EC0-301F-11D3-BF4B-00C04F79EFBC}") = "ApiToken", "ApiToken\ApiToken.csproj", "{BB19908F-1737-48D4-9325-DB3AF3E2BF07}"
EndProject
Global
	GlobalSection(SolutionConfigurationPlatforms) = preSolution
		Debug|Any CPU = Debug|Any CPU
		Release|Any CPU = Release|Any CPU
	EndGlobalSection
	GlobalSection(ProjectConfigurationPlatforms) = postSolution
		{BB19908F-1737-48D4-9325-DB3AF3E2BF07}.Debug|Any CPU.ActiveCfg = Debug|Any CPU
		{BB19908F-1737-48D4-9325-DB3AF3E2BF07}.Debug|Any CPU.Build.0 = Debug|Any CPU
		{BB19908F-1737-48D4-9325-DB3AF3E2BF07}.Release|Any CPU.ActiveCfg = Release|Any CPU
		{BB19908F-1737-48D4-9325-DB3AF3E2BF07}.Release|Any CPU.Build.0 = Release|Any CPU
	EndGlobalSection
	GlobalSection(SolutionProperties) = preSolution
		HideSolutionNode = FALSE
	EndGlobalSection
	GlobalSection(ExtensibilityGlobals) = postSolution
		SolutionGuid = {FFAC6669-15DA-4AFD-844C-C47C3481DA5F}
	EndGlobalSection
EndGlobal
